
Microsoft Visual Studio Solution File, Format Version 12.00
# Visual Studio Version 17
VisualStudioVersion = 17.11.35208.52
MinimumVisualStudioVersion = 10.0.40219.1
Project("{FAE04EC0-301F-11D3-BF4B-00C04F79EFBC}") = "Repo_API_GeneralCatalog_1721030646", "Repo_API_GeneralCatalog_1721030646.csproj", "{800737BE-3B86-4876-998B-00CF58F4D7D3}"
EndProject
Global
	GlobalSection(SolutionConfigurationPlatforms) = preSolution
		Debug|Any CPU = Debug|Any CPU
		Release|Any CPU = Release|Any CPU
	EndGlobalSection
	GlobalSection(ProjectConfigurationPlatforms) = postSolution
		{800737BE-3B86-4876-998B-00CF58F4D7D3}.Debug|Any CPU.ActiveCfg = Debug|Any CPU
		{800737BE-3B86-4876-998B-00CF58F4D7D3}.Debug|Any CPU.Build.0 = Debug|Any CPU
		{800737BE-3B86-4876-998B-00CF58F4D7D3}.Release|Any CPU.ActiveCfg = Release|Any CPU
		{800737BE-3B86-4876-998B-00CF58F4D7D3}.Release|Any CPU.Build.0 = Release|Any CPU
	EndGlobalSection
	GlobalSection(SolutionProperties) = preSolution
		HideSolutionNode = FALSE
	EndGlobalSection
	GlobalSection(ExtensibilityGlobals) = postSolution
		SolutionGuid = {B2AFBDB9-7ED0-4A6F-88FD-D859D63EF4EF}
	EndGlobalSection
EndGlobal
